// !$*UTF8*$!
{
	archiveVersion = 1;
	classes = {
	};
	objectVersion = 46;
	objects = {

/* Begin PBXBuildFile section */
		E446043C17BE1809005B259D /* UIKit.framework in Frameworks */ = {isa = PBXBuildFile; fileRef = E446043B17BE1809005B259D /* UIKit.framework */; };
		E446043E17BE1809005B259D /* Foundation.framework in Frameworks */ = {isa = PBXBuildFile; fileRef = E446043D17BE1809005B259D /* Foundation.framework */; };
		E446044017BE1809005B259D /* CoreGraphics.framework in Frameworks */ = {isa = PBXBuildFile; fileRef = E446043F17BE1809005B259D /* CoreGraphics.framework */; };
		E446044617BE1809005B259D /* InfoPlist.strings in Resources */ = {isa = PBXBuildFile; fileRef = E446044417BE1809005B259D /* InfoPlist.strings */; };
		E446044817BE1809005B259D /* main.m in Sources */ = {isa = PBXBuildFile; fileRef = E446044717BE1809005B259D /* main.m */; };
		E446044C17BE1809005B259D /* MCAppDelegate.m in Sources */ = {isa = PBXBuildFile; fileRef = E446044B17BE1809005B259D /* MCAppDelegate.m */; };
		E446044E17BE1809005B259D /* Default.png in Resources */ = {isa = PBXBuildFile; fileRef = E446044D17BE1809005B259D /* Default.png */; };
		E446045017BE1809005B259D /* Default@2x.png in Resources */ = {isa = PBXBuildFile; fileRef = E446044F17BE1809005B259D /* Default@2x.png */; };
		E446045217BE1809005B259D /* Default-568h@2x.png in Resources */ = {isa = PBXBuildFile; fileRef = E446045117BE1809005B259D /* Default-568h@2x.png */; };
		E446045517BE1809005B259D /* MCViewController.m in Sources */ = {isa = PBXBuildFile; fileRef = E446045417BE1809005B259D /* MCViewController.m */; };
		E446045817BE1809005B259D /* MCViewController.xib in Resources */ = {isa = PBXBuildFile; fileRef = E446045617BE1809005B259D /* MCViewController.xib */; };
		E446045F17BE197F005B259D /* apress_logo.png in Resources */ = {isa = PBXBuildFile; fileRef = E446045E17BE197F005B259D /* apress_logo.png */; };
/* End PBXBuildFile section */

/* Begin PBXFileReference section */
		E446043717BE1809005B259D /* ControlFun.app */ = {isa = PBXFileReference; explicitFileType = wrapper.application; includeInIndex = 0; path = ControlFun.app; sourceTree = BUILT_PRODUCTS_DIR; };
		E446043B17BE1809005B259D /* UIKit.framework */ = {isa = PBXFileReference; lastKnownFileType = wrapper.framework; name = UIKit.framework; path = System/Library/Frameworks/UIKit.framework; sourceTree = SDKROOT; };
		E446043D17BE1809005B259D /* Foundation.framework */ = {isa = PBXFileReference; lastKnownFileType = wrapper.framework; name = Foundation.framework; path = System/Library/Frameworks/Foundation.framework; sourceTree = SDKROOT; };
		E446043F17BE1809005B259D /* CoreGraphics.framework */ = {isa = PBXFileReference; lastKnownFileType = wrapper.framework; name = CoreGraphics.framework; path = System/Library/Frameworks/CoreGraphics.framework; sourceTree = SDKROOT; };
		E446044317BE1809005B259D /* ControlFun-Info.plist */ = {isa = PBXFileReference; lastKnownFileType = text.plist.xml; path = "ControlFun-Info.plist"; sourceTree = "<group>"; };
		E446044517BE1809005B259D /* en */ = {isa = PBXFileReference; lastKnownFileType = text.plist.strings; name = en; path = en.lproj/InfoPlist.strings; sourceTree = "<group>"; };
		E446044717BE1809005B259D /* main.m */ = {isa = PBXFileReference; lastKnownFileType = sourcecode.c.objc; path = main.m; sourceTree = "<group>"; };
		E446044917BE1809005B259D /* ControlFun-Prefix.pch */ = {isa = PBXFileReference; lastKnownFileType = sourcecode.c.h; path = "ControlFun-Prefix.pch"; sourceTree = "<group>"; };
		E446044A17BE1809005B259D /* MCAppDelegate.h */ = {isa = PBXFileReference; lastKnownFileType = sourcecode.c.h; path = MCAppDelegate.h; sourceTree = "<group>"; };
		E446044B17BE1809005B259D /* MCAppDelegate.m */ = {isa = PBXFileReference; lastKnownFileType = sourcecode.c.objc; path = MCAppDelegate.m; sourceTree = "<group>"; };
		E446044D17BE1809005B259D /* Default.png */ = {isa = PBXFileReference; lastKnownFileType = image.png; path = Default.png; sourceTree = "<group>"; };
		E446044F17BE1809005B259D /* Default@2x.png */ = {isa = PBXFileReference; lastKnownFileType = image.png; path = "Default@2x.png"; sourceTree = "<group>"; };
		E446045117BE1809005B259D /* Default-568h@2x.png */ = {isa = PBXFileReference; lastKnownFileType = image.png; path = "Default-568h@2x.png"; sourceTree = "<group>"; };
		E446045317BE1809005B259D /* MCViewController.h */ = {isa = PBXFileReference; lastKnownFileType = sourcecode.c.h; path = MCViewController.h; sourceTree = "<group>"; };
		E446045417BE1809005B259D /* MCViewController.m */ = {isa = PBXFileReference; lastKnownFileType = sourcecode.c.objc; path = MCViewController.m; sourceTree = "<group>"; };
		E446045717BE1809005B259D /* en */ = {isa = PBXFileReference; lastKnownFileType = file.xib; name = en; path = en.lproj/MCViewController.xib; sourceTree = "<group>"; };
		E446045E17BE197F005B259D /* apress_logo.png */ = {isa = PBXFileReference; lastKnownFileType = image.png; path = apress_logo.png; sourceTree = "<group>"; };
/* End PBXFileReference section */

/* Begin PBXFrameworksBuildPhase section */
		E446043417BE1809005B259D /* Frameworks */ = {
			isa = PBXFrameworksBuildPhase;
			buildActionMask = 2147483647;
			files = (
				E446043C17BE1809005B259D /* UIKit.framework in Frameworks */,
				E446043E17BE1809005B259D /* Foundation.framework in Frameworks */,
				E446044017BE1809005B259D /* CoreGraphics.framework in Frameworks */,
			);
			runOnlyForDeploymentPostprocessing = 0;
		};
/* End PBXFrameworksBuildPhase section */

/* Begin PBXGroup section */
		E446042C17BE1809005B259D = {
			isa = PBXGroup;
			children = (
				E446044117BE1809005B259D /* ControlFun */,
				E446043A17BE1809005B259D /* Frameworks */,
				E446043817BE1809005B259D /* Products */,
			);
			sourceTree = "<group>";
		};
		E446043817BE1809005B259D /* Products */ = {
			isa = PBXGroup;
			children = (
				E446043717BE1809005B259D /* ControlFun.app */,
			);
			name = Products;
			sourceTree = "<group>";
		};
		E446043A17BE1809005B259D /* Frameworks */ = {
			isa = PBXGroup;
			children = (
				E446043B17BE1809005B259D /* UIKit.framework */,
				E446043D17BE1809005B259D /* Foundation.framework */,
				E446043F17BE1809005B259D /* CoreGraphics.framework */,
			);
			name = Frameworks;
			sourceTree = "<group>";
		};
		E446044117BE1809005B259D /* ControlFun */ = {
			isa = PBXGroup;
			children = (
				E446044A17BE1809005B259D /* MCAppDelegate.h */,
				E446044B17BE1809005B259D /* MCAppDelegate.m */,
				E446045317BE1809005B259D /* MCViewController.h */,
				E446045417BE1809005B259D /* MCViewController.m */,
				E446045617BE1809005B259D /* MCViewController.xib */,
				E446044217BE1809005B259D /* Supporting Files */,
			);
			path = ControlFun;
			sourceTree = "<group>";
		};
		E446044217BE1809005B259D /* Supporting Files */ = {
			isa = PBXGroup;
			children = (
				E446045E17BE197F005B259D /* apress_logo.png */,
				E446044317BE1809005B259D /* ControlFun-Info.plist */,
				E446044417BE1809005B259D /* InfoPlist.strings */,
				E446044717BE1809005B259D /* main.m */,
				E446044917BE1809005B259D /* ControlFun-Prefix.pch */,
				E446044D17BE1809005B259D /* Default.png */,
				E446044F17BE1809005B259D /* Default@2x.png */,
				E446045117BE1809005B259D /* Default-568h@2x.png */,
			);
			name = "Supporting Files";
			sourceTree = "<group>";
		};
/* End PBXGroup section */

/* Begin PBXNativeTarget section */
		E446043617BE1809005B259D /* ControlFun */ = {
			isa = PBXNativeTarget;
			buildConfigurationList = E446045B17BE1809005B259D /* Build configuration list for PBXNativeTarget "ControlFun" */;
			buildPhases = (
				E446043317BE1809005B259D /* Sources */,
				E446043417BE1809005B259D /* Frameworks */,
				E446043517BE1809005B259D /* Resources */,
			);
			buildRules = (
			);
			dependencies = (
			);
			name = ControlFun;
			productName = ControlFun;
			productReference = E446043717BE1809005B259D /* ControlFun.app */;
			productType = "com.apple.product-type.application";
		};
/* End PBXNativeTarget section */

/* Begin PBXProject section */
		E446042E17BE1809005B259D /* Project object */ = {
			isa = PBXProject;
			attributes = {
				CLASSPREFIX = MC;
				LastUpgradeCheck = 0450;
				ORGANIZATIONNAME = mycabinet;
			};
			buildConfigurationList = E446043117BE1809005B259D /* Build configuration list for PBXProject "ControlFun" */;
			compatibilityVersion = "Xcode 3.2";
			developmentRegion = English;
			hasScannedForEncodings = 0;
			knownRegions = (
				en,
			);
			mainGroup = E446042C17BE1809005B259D;
			productRefGroup = E446043817BE1809005B259D /* Products */;
			projectDirPath = "";
			projectRoot = "";
			targets = (
				E446043617BE1809005B259D /* ControlFun */,
			);
		};
/* End PBXProject section */

/* Begin PBXResourcesBuildPhase section */
		E446043517BE1809005B259D /* Resources */ = {
			isa = PBXResourcesBuildPhase;
			buildActionMask = 2147483647;
			files = (
				E446044617BE1809005B259D /* InfoPlist.strings in Resources */,
				E446044E17BE1809005B259D /* Default.png in Resources */,
				E446045017BE1809005B259D /* Default@2x.png in Resources */,
				E446045217BE1809005B259D /* Default-568h@2x.png in Resources */,
				E446045817BE1809005B259D /* MCViewController.xib in Resources */,
				E446045F17BE197F005B259D /* apress_logo.png in Resources */,
			);
			runOnlyForDeploymentPostprocessing = 0;
		};
/* End PBXResourcesBuildPhase section */

/* Begin PBXSourcesBuildPhase section */
		E446043317BE1809005B259D /* Sources */ = {
			isa = PBXSourcesBuildPhase;
			buildActionMask = 2147483647;
			files = (
				E446044817BE1809005B259D /* main.m in Sources */,
				E446044C17BE1809005B259D /* MCAppDelegate.m in Sources */,
				E446045517BE1809005B259D /* MCViewController.m in Sources */,
			);
			runOnlyForDeploymentPostprocessing = 0;
		};
/* End PBXSourcesBuildPhase section */

/* Begin PBXVariantGroup section */
		E446044417BE1809005B259D /* InfoPlist.strings */ = {
			isa = PBXVariantGroup;
			children = (
				E446044517BE1809005B259D /* en */,
			);
			name = InfoPlist.strings;
			sourceTree = "<group>";
		};
		E446045617BE1809005B259D /* MCViewController.xib */ = {
			isa = PBXVariantGroup;
			children = (
				E446045717BE1809005B259D /* en */,
			);
			name = MCViewController.xib;
			sourceTree = "<group>";
		};
/* End PBXVariantGroup section */

/* Begin XCBuildConfiguration section */
		E446045917BE1809005B259D /* Debug */ = {
			isa = XCBuildConfiguration;
			buildSettings = {
				ALWAYS_SEARCH_USER_PATHS = NO;
				CLANG_CXX_LANGUAGE_STANDARD = "gnu++0x";
				CLANG_CXX_LIBRARY = "libc++";
				CLANG_ENABLE_OBJC_ARC = YES;
				CLANG_WARN_EMPTY_BODY = YES;
				CLANG_WARN__DUPLICATE_METHOD_MATCH = YES;
				"CODE_SIGN_IDENTITY[sdk=iphoneos*]" = "iPhone Developer";
				COPY_PHASE_STRIP = NO;
				GCC_C_LANGUAGE_STANDARD = gnu99;
				GCC_DYNAMIC_NO_PIC = NO;
				GCC_OPTIMIZATION_LEVEL = 0;
				GCC_PREPROCESSOR_DEFINITIONS = (
					"DEBUG=1",
					"$(inherited)",
				);
				GCC_SYMBOLS_PRIVATE_EXTERN = NO;
				GCC_WARN_ABOUT_RETURN_TYPE = YES;
				GCC_WARN_UNINITIALIZED_AUTOS = YES;
				GCC_WARN_UNUSED_VARIABLE = YES;
				IPHONEOS_DEPLOYMENT_TARGET = 6.0;
				SDKROOT = iphoneos;
			};
			name = Debug;
		};
		E446045A17BE1809005B259D /* Release */ = {
			isa = XCBuildConfiguration;
			buildSettings = {
				ALWAYS_SEARCH_USER_PATHS = NO;
				CLANG_CXX_LANGUAGE_STANDARD = "gnu++0x";
				CLANG_CXX_LIBRARY = "libc++";
				CLANG_ENABLE_OBJC_ARC = YES;
				CLANG_WARN_EMPTY_BODY = YES;
				CLANG_WARN__DUPLICATE_METHOD_MATCH = YES;
				"CODE_SIGN_IDENTITY[sdk=iphoneos*]" = "iPhone Developer";
				COPY_PHASE_STRIP = YES;
				GCC_C_LANGUAGE_STANDARD = gnu99;
				GCC_WARN_ABOUT_RETURN_TYPE = YES;
				GCC_WARN_UNINITIALIZED_AUTOS = YES;
				GCC_WARN_UNUSED_VARIABLE = YES;
				IPHONEOS_DEPLOYMENT_TARGET = 6.0;
				OTHER_CFLAGS = "-DNS_BLOCK_ASSERTIONS=1";
				SDKROOT = iphoneos;
				VALIDATE_PRODUCT = YES;
			};
			name = Release;
		};
		E446045C17BE1809005B259D /* Debug */ = {
			isa = XCBuildConfiguration;
			buildSettings = {
				GCC_PRECOMPILE_PREFIX_HEADER = YES;
				GCC_PREFIX_HEADER = "ControlFun/ControlFun-Prefix.pch";
				INFOPLIST_FILE = "ControlFun/ControlFun-Info.plist";
				PRODUCT_NAME = "$(TARGET_NAME)";
				WRAPPER_EXTENSION = app;
			};
			name = Debug;
		};
		E446045D17BE1809005B259D /* Release */ = {
			isa = XCBuildConfiguration;
			buildSettings = {
				GCC_PRECOMPILE_PREFIX_HEADER = YES;
				GCC_PREFIX_HEADER = "ControlFun/ControlFun-Prefix.pch";
				INFOPLIST_FILE = "ControlFun/ControlFun-Info.plist";
				PRODUCT_NAME = "$(TARGET_NAME)";
				WRAPPER_EXTENSION = app;
			};
			name = Release;
		};
/* End XCBuildConfiguration section */

/* Begin XCConfigurationList section */
		E446043117BE1809005B259D /* Build configuration list for PBXProject "ControlFun" */ = {
			isa = XCConfigurationList;
			buildConfigurations = (
				E446045917BE1809005B259D /* Debug */,
				E446045A17BE1809005B259D /* Release */,
			);
			defaultConfigurationIsVisible = 0;
			defaultConfigurationName = Release;
		};
		E446045B17BE1809005B259D /* Build configuration list for PBXNativeTarget "ControlFun" */ = {
			isa = XCConfigurationList;
			buildConfigurations = (
				E446045C17BE1809005B259D /* Debug */,
				E446045D17BE1809005B259D /* Release */,
			);
			defaultConfigurationIsVisible = 0;
		};
/* End XCConfigurationList section */
	};
	rootObject = E446042E17BE1809005B259D /* Project object */;
}
